// !$*UTF8*$!
{
	archiveVersion = 1;
	classes = {
	};
	objectVersion = 60;
	objects = {

/* Begin PBXBuildFile section */
		0518CBC72AEC05BB003599DC /* ProdApp.swift in Sources */ = {isa = PBXBuildFile; fileRef = 0518CBC62AEC05BB003599DC /* ProdApp.swift */; };
		0518CBCB2AEC05BC003599DC /* Assets.xcassets in Resources */ = {isa = PBXBuildFile; fileRef = 0518CBCA2AEC05BC003599DC /* Assets.xcassets */; };
		0518CBCE2AEC05BC003599DC /* Preview Assets.xcassets in Resources */ = {isa = PBXBuildFile; fileRef = 0518CBCD2AEC05BC003599DC /* Preview Assets.xcassets */; };
		059F5C212AED017D006DF448 /* Navigation in Frameworks */ = {isa = PBXBuildFile; productRef = 059F5C202AED017D006DF448 /* Navigation */; };
		05F1F9152B075E75006C5C63 /* DevApp.swift in Sources */ = {isa = PBXBuildFile; fileRef = 05F1F9142B075E75006C5C63 /* DevApp.swift */; };
		05F1F9192B075E76006C5C63 /* Assets.xcassets in Resources */ = {isa = PBXBuildFile; fileRef = 05F1F9182B075E76006C5C63 /* Assets.xcassets */; };
		05F1F91C2B075E76006C5C63 /* Preview Assets.xcassets in Resources */ = {isa = PBXBuildFile; fileRef = 05F1F91B2B075E76006C5C63 /* Preview Assets.xcassets */; };
		05F1F9212B075EEB006C5C63 /* Navigation in Frameworks */ = {isa = PBXBuildFile; productRef = 05F1F9202B075EEB006C5C63 /* Navigation */; };
/* End PBXBuildFile section */

/* Begin PBXFileReference section */
		0518CBC32AEC05BB003599DC /* Prod.app */ = {isa = PBXFileReference; explicitFileType = wrapper.application; includeInIndex = 0; path = Prod.app; sourceTree = BUILT_PRODUCTS_DIR; };
		0518CBC62AEC05BB003599DC /* ProdApp.swift */ = {isa = PBXFileReference; lastKnownFileType = sourcecode.swift; path = ProdApp.swift; sourceTree = "<group>"; };
		0518CBCA2AEC05BC003599DC /* Assets.xcassets */ = {isa = PBXFileReference; lastKnownFileType = folder.assetcatalog; path = Assets.xcassets; sourceTree = "<group>"; };
		0518CBCD2AEC05BC003599DC /* Preview Assets.xcassets */ = {isa = PBXFileReference; lastKnownFileType = folder.assetcatalog; path = "Preview Assets.xcassets"; sourceTree = "<group>"; };
		059F5C1B2AEC9107006DF448 /* Modules */ = {isa = PBXFileReference; lastKnownFileType = wrapper; name = Modules; path = ../../Modules; sourceTree = "<group>"; };
		05F1F9122B075E75006C5C63 /* Dev.app */ = {isa = PBXFileReference; explicitFileType = wrapper.application; includeInIndex = 0; path = Dev.app; sourceTree = BUILT_PRODUCTS_DIR; };
		05F1F9142B075E75006C5C63 /* DevApp.swift */ = {isa = PBXFileReference; lastKnownFileType = sourcecode.swift; path = DevApp.swift; sourceTree = "<group>"; };
		05F1F9182B075E76006C5C63 /* Assets.xcassets */ = {isa = PBXFileReference; lastKnownFileType = folder.assetcatalog; path = Assets.xcassets; sourceTree = "<group>"; };
		05F1F91B2B075E76006C5C63 /* Preview Assets.xcassets */ = {isa = PBXFileReference; lastKnownFileType = folder.assetcatalog; path = "Preview Assets.xcassets"; sourceTree = "<group>"; };
		509E7D892B9E8F5900072822 /* Info.plist */ = {isa = PBXFileReference; lastKnownFileType = text.plist; path = Info.plist; sourceTree = "<group>"; };
		509E7D8A2B9E8F7300072822 /* Info.plist */ = {isa = PBXFileReference; lastKnownFileType = text.plist; path = Info.plist; sourceTree = "<group>"; };
/* End PBXFileReference section */

/* Begin PBXFrameworksBuildPhase section */
		0518CBC02AEC05BB003599DC /* Frameworks */ = {
			isa = PBXFrameworksBuildPhase;
			buildActionMask = 2147483647;
			files = (
				059F5C212AED017D006DF448 /* Navigation in Frameworks */,
			);
			runOnlyForDeploymentPostprocessing = 0;
		};
		05F1F90F2B075E75006C5C63 /* Frameworks */ = {
			isa = PBXFrameworksBuildPhase;
			buildActionMask = 2147483647;
			files = (
				05F1F9212B075EEB006C5C63 /* Navigation in Frameworks */,
			);
			runOnlyForDeploymentPostprocessing = 0;
		};
/* End PBXFrameworksBuildPhase section */

/* Begin PBXGroup section */
		0518CBBA2AEC05BB003599DC = {
			isa = PBXGroup;
			children = (
				059F5C1B2AEC9107006DF448 /* Modules */,
				05F1F9132B075E75006C5C63 /* Dev */,
				0518CBC52AEC05BB003599DC /* Prod */,
				0518CBC42AEC05BB003599DC /* Products */,
				059F5C1D2AECFFD1006DF448 /* Frameworks */,
			);
			sourceTree = "<group>";
		};
		0518CBC42AEC05BB003599DC /* Products */ = {
			isa = PBXGroup;
			children = (
				0518CBC32AEC05BB003599DC /* Prod.app */,
				05F1F9122B075E75006C5C63 /* Dev.app */,
			);
			name = Products;
			sourceTree = "<group>";
		};
		0518CBC52AEC05BB003599DC /* Prod */ = {
			isa = PBXGroup;
			children = (
				509E7D8A2B9E8F7300072822 /* Info.plist */,
				0518CBC62AEC05BB003599DC /* ProdApp.swift */,
				0518CBCA2AEC05BC003599DC /* Assets.xcassets */,
				0518CBCC2AEC05BC003599DC /* Preview Content */,
			);
			path = Prod;
			sourceTree = "<group>";
		};
		0518CBCC2AEC05BC003599DC /* Preview Content */ = {
			isa = PBXGroup;
			children = (
				0518CBCD2AEC05BC003599DC /* Preview Assets.xcassets */,
			);
			path = "Preview Content";
			sourceTree = "<group>";
		};
		059F5C1D2AECFFD1006DF448 /* Frameworks */ = {
			isa = PBXGroup;
			children = (
			);
			name = Frameworks;
			sourceTree = "<group>";
		};
		05F1F9132B075E75006C5C63 /* Dev */ = {
			isa = PBXGroup;
			children = (
				509E7D892B9E8F5900072822 /* Info.plist */,
				05F1F9142B075E75006C5C63 /* DevApp.swift */,
				05F1F9182B075E76006C5C63 /* Assets.xcassets */,
				05F1F91A2B075E76006C5C63 /* Preview Content */,
			);
			path = Dev;
			sourceTree = "<group>";
		};
		05F1F91A2B075E76006C5C63 /* Preview Content */ = {
			isa = PBXGroup;
			children = (
				05F1F91B2B075E76006C5C63 /* Preview Assets.xcassets */,
			);
			path = "Preview Content";
			sourceTree = "<group>";
		};
/* End PBXGroup section */

/* Begin PBXNativeTarget section */
		0518CBC22AEC05BB003599DC /* Prod */ = {
			isa = PBXNativeTarget;
			buildConfigurationList = 0518CBD12AEC05BC003599DC /* Build configuration list for PBXNativeTarget "Prod" */;
			buildPhases = (
				0518CBBF2AEC05BB003599DC /* Sources */,
				0518CBC02AEC05BB003599DC /* Frameworks */,
				0518CBC12AEC05BB003599DC /* Resources */,
			);
			buildRules = (
			);
			dependencies = (
			);
			name = Prod;
			packageProductDependencies = (
				059F5C202AED017D006DF448 /* Navigation */,
			);
			productName = Nito;
			productReference = 0518CBC32AEC05BB003599DC /* Prod.app */;
			productType = "com.apple.product-type.application";
		};
		05F1F9112B075E75006C5C63 /* Dev */ = {
			isa = PBXNativeTarget;
			buildConfigurationList = 05F1F91D2B075E76006C5C63 /* Build configuration list for PBXNativeTarget "Dev" */;
			buildPhases = (
				05F1F90E2B075E75006C5C63 /* Sources */,
				05F1F90F2B075E75006C5C63 /* Frameworks */,
				05F1F9102B075E75006C5C63 /* Resources */,
			);
			buildRules = (
			);
			dependencies = (
			);
			name = Dev;
			packageProductDependencies = (
				05F1F9202B075EEB006C5C63 /* Navigation */,
			);
			productName = Dev;
			productReference = 05F1F9122B075E75006C5C63 /* Dev.app */;
			productType = "com.apple.product-type.application";
		};
/* End PBXNativeTarget section */

/* Begin PBXProject section */
		0518CBBB2AEC05BB003599DC /* Project object */ = {
			isa = PBXProject;
			attributes = {
				BuildIndependentTargetsInParallel = 1;
				LastSwiftUpdateCheck = 1500;
				LastUpgradeCheck = 1500;
				TargetAttributes = {
					0518CBC22AEC05BB003599DC = {
						CreatedOnToolsVersion = 15.0;
					};
					05F1F9112B075E75006C5C63 = {
						CreatedOnToolsVersion = 15.0;
					};
				};
			};
			buildConfigurationList = 0518CBBE2AEC05BB003599DC /* Build configuration list for PBXProject "Nito" */;
			compatibilityVersion = "Xcode 15.0";
			developmentRegion = ja;
			hasScannedForEncodings = 0;
			knownRegions = (
				Base,
				ja,
			);
			mainGroup = 0518CBBA2AEC05BB003599DC;
			packageReferences = (
			);
			productRefGroup = 0518CBC42AEC05BB003599DC /* Products */;
			projectDirPath = "";
			projectRoot = "";
			targets = (
				05F1F9112B075E75006C5C63 /* Dev */,
				0518CBC22AEC05BB003599DC /* Prod */,
			);
		};
/* End PBXProject section */

/* Begin PBXResourcesBuildPhase section */
		0518CBC12AEC05BB003599DC /* Resources */ = {
			isa = PBXResourcesBuildPhase;
			buildActionMask = 2147483647;
			files = (
				0518CBCE2AEC05BC003599DC /* Preview Assets.xcassets in Resources */,
				0518CBCB2AEC05BC003599DC /* Assets.xcassets in Resources */,
			);
			runOnlyForDeploymentPostprocessing = 0;
		};
		05F1F9102B075E75006C5C63 /* Resources */ = {
			isa = PBXResourcesBuildPhase;
			buildActionMask = 2147483647;
			files = (
				05F1F91C2B075E76006C5C63 /* Preview Assets.xcassets in Resources */,
				05F1F9192B075E76006C5C63 /* Assets.xcassets in Resources */,
			);
			runOnlyForDeploymentPostprocessing = 0;
		};
/* End PBXResourcesBuildPhase section */

/* Begin PBXSourcesBuildPhase section */
		0518CBBF2AEC05BB003599DC /* Sources */ = {
			isa = PBXSourcesBuildPhase;
			buildActionMask = 2147483647;
			files = (
				0518CBC72AEC05BB003599DC /* ProdApp.swift in Sources */,
			);
			runOnlyForDeploymentPostprocessing = 0;
		};
		05F1F90E2B075E75006C5C63 /* Sources */ = {
			isa = PBXSourcesBuildPhase;
			buildActionMask = 2147483647;
			files = (
				05F1F9152B075E75006C5C63 /* DevApp.swift in Sources */,
			);
			runOnlyForDeploymentPostprocessing = 0;
		};
/* End PBXSourcesBuildPhase section */

/* Begin XCBuildConfiguration section */
		0518CBCF2AEC05BC003599DC /* Debug */ = {
			isa = XCBuildConfiguration;
			buildSettings = {
				ALWAYS_SEARCH_USER_PATHS = NO;
				ASSETCATALOG_COMPILER_GENERATE_SWIFT_ASSET_SYMBOL_EXTENSIONS = YES;
				CLANG_ANALYZER_NONNULL = YES;
				CLANG_ANALYZER_NUMBER_OBJECT_CONVERSION = YES_AGGRESSIVE;
				CLANG_CXX_LANGUAGE_STANDARD = "gnu++20";
				CLANG_ENABLE_MODULES = YES;
				CLANG_ENABLE_OBJC_ARC = YES;
				CLANG_ENABLE_OBJC_WEAK = YES;
				CLANG_WARN_BLOCK_CAPTURE_AUTORELEASING = YES;
				CLANG_WARN_BOOL_CONVERSION = YES;
				CLANG_WARN_COMMA = YES;
				CLANG_WARN_CONSTANT_CONVERSION = YES;
				CLANG_WARN_DEPRECATED_OBJC_IMPLEMENTATIONS = YES;
				CLANG_WARN_DIRECT_OBJC_ISA_USAGE = YES_ERROR;
				CLANG_WARN_DOCUMENTATION_COMMENTS = YES;
				CLANG_WARN_EMPTY_BODY = YES;
				CLANG_WARN_ENUM_CONVERSION = YES;
				CLANG_WARN_INFINITE_RECURSION = YES;
				CLANG_WARN_INT_CONVERSION = YES;
				CLANG_WARN_NON_LITERAL_NULL_CONVERSION = YES;
				CLANG_WARN_OBJC_IMPLICIT_RETAIN_SELF = YES;
				CLANG_WARN_OBJC_LITERAL_CONVERSION = YES;
				CLANG_WARN_OBJC_ROOT_CLASS = YES_ERROR;
				CLANG_WARN_QUOTED_INCLUDE_IN_FRAMEWORK_HEADER = YES;
				CLANG_WARN_RANGE_LOOP_ANALYSIS = YES;
				CLANG_WARN_STRICT_PROTOTYPES = YES;
				CLANG_WARN_SUSPICIOUS_MOVE = YES;
				CLANG_WARN_UNGUARDED_AVAILABILITY = YES_AGGRESSIVE;
				CLANG_WARN_UNREACHABLE_CODE = YES;
				CLANG_WARN__DUPLICATE_METHOD_MATCH = YES;
				COPY_PHASE_STRIP = NO;
				DEBUG_INFORMATION_FORMAT = dwarf;
				ENABLE_STRICT_OBJC_MSGSEND = YES;
				ENABLE_TESTABILITY = YES;
				ENABLE_USER_SCRIPT_SANDBOXING = YES;
				GCC_C_LANGUAGE_STANDARD = gnu17;
				GCC_DYNAMIC_NO_PIC = NO;
				GCC_NO_COMMON_BLOCKS = YES;
				GCC_OPTIMIZATION_LEVEL = 0;
				GCC_PREPROCESSOR_DEFINITIONS = (
					"DEBUG=1",
					"$(inherited)",
				);
				GCC_WARN_64_TO_32_BIT_CONVERSION = YES;
				GCC_WARN_ABOUT_RETURN_TYPE = YES_ERROR;
				GCC_WARN_UNDECLARED_SELECTOR = YES;
				GCC_WARN_UNINITIALIZED_AUTOS = YES_AGGRESSIVE;
				GCC_WARN_UNUSED_FUNCTION = YES;
				GCC_WARN_UNUSED_VARIABLE = YES;
				IPHONEOS_DEPLOYMENT_TARGET = 17.0;
				LOCALIZATION_PREFERS_STRING_CATALOGS = YES;
				MTL_ENABLE_DEBUG_INFO = INCLUDE_SOURCE;
				MTL_FAST_MATH = YES;
				ONLY_ACTIVE_ARCH = YES;
				OTHER_LDFLAGS = (
					"-framework",
					NitoKmp,
					"-lsqlite3",
				);
				SDKROOT = iphoneos;
				SWIFT_ACTIVE_COMPILATION_CONDITIONS = "DEBUG $(inherited)";
				SWIFT_OPTIMIZATION_LEVEL = "-Onone";
			};
			name = Debug;
		};
		0518CBD02AEC05BC003599DC /* Release */ = {
			isa = XCBuildConfiguration;
			buildSettings = {
				ALWAYS_SEARCH_USER_PATHS = NO;
				ASSETCATALOG_COMPILER_GENERATE_SWIFT_ASSET_SYMBOL_EXTENSIONS = YES;
				CLANG_ANALYZER_NONNULL = YES;
				CLANG_ANALYZER_NUMBER_OBJECT_CONVERSION = YES_AGGRESSIVE;
				CLANG_CXX_LANGUAGE_STANDARD = "gnu++20";
				CLANG_ENABLE_MODULES = YES;
				CLANG_ENABLE_OBJC_ARC = YES;
				CLANG_ENABLE_OBJC_WEAK = YES;
				CLANG_WARN_BLOCK_CAPTURE_AUTORELEASING = YES;
				CLANG_WARN_BOOL_CONVERSION = YES;
				CLANG_WARN_COMMA = YES;
				CLANG_WARN_CONSTANT_CONVERSION = YES;
				CLANG_WARN_DEPRECATED_OBJC_IMPLEMENTATIONS = YES;
				CLANG_WARN_DIRECT_OBJC_ISA_USAGE = YES_ERROR;
				CLANG_WARN_DOCUMENTATION_COMMENTS = YES;
				CLANG_WARN_EMPTY_BODY = YES;
				CLANG_WARN_ENUM_CONVERSION = YES;
				CLANG_WARN_INFINITE_RECURSION = YES;
				CLANG_WARN_INT_CONVERSION = YES;
				CLANG_WARN_NON_LITERAL_NULL_CONVERSION = YES;
				CLANG_WARN_OBJC_IMPLICIT_RETAIN_SELF = YES;
				CLANG_WARN_OBJC_LITERAL_CONVERSION = YES;
				CLANG_WARN_OBJC_ROOT_CLASS = YES_ERROR;
				CLANG_WARN_QUOTED_INCLUDE_IN_FRAMEWORK_HEADER = YES;
				CLANG_WARN_RANGE_LOOP_ANALYSIS = YES;
				CLANG_WARN_STRICT_PROTOTYPES = YES;
				CLANG_WARN_SUSPICIOUS_MOVE = YES;
				CLANG_WARN_UNGUARDED_AVAILABILITY = YES_AGGRESSIVE;
				CLANG_WARN_UNREACHABLE_CODE = YES;
				CLANG_WARN__DUPLICATE_METHOD_MATCH = YES;
				COPY_PHASE_STRIP = NO;
				DEBUG_INFORMATION_FORMAT = "dwarf-with-dsym";
				ENABLE_NS_ASSERTIONS = NO;
				ENABLE_STRICT_OBJC_MSGSEND = YES;
				ENABLE_USER_SCRIPT_SANDBOXING = YES;
				GCC_C_LANGUAGE_STANDARD = gnu17;
				GCC_NO_COMMON_BLOCKS = YES;
				GCC_WARN_64_TO_32_BIT_CONVERSION = YES;
				GCC_WARN_ABOUT_RETURN_TYPE = YES_ERROR;
				GCC_WARN_UNDECLARED_SELECTOR = YES;
				GCC_WARN_UNINITIALIZED_AUTOS = YES_AGGRESSIVE;
				GCC_WARN_UNUSED_FUNCTION = YES;
				GCC_WARN_UNUSED_VARIABLE = YES;
				IPHONEOS_DEPLOYMENT_TARGET = 17.0;
				LOCALIZATION_PREFERS_STRING_CATALOGS = YES;
				MTL_ENABLE_DEBUG_INFO = NO;
				MTL_FAST_MATH = YES;
				OTHER_LDFLAGS = (
					"-framework",
					NitoKmp,
					"-lsqlite3",
				);
				SDKROOT = iphoneos;
				SWIFT_COMPILATION_MODE = wholemodule;
				VALIDATE_PRODUCT = YES;
			};
			name = Release;
		};
		0518CBD22AEC05BC003599DC /* Debug */ = {
			isa = XCBuildConfiguration;
			buildSettings = {
				ASSETCATALOG_COMPILER_APPICON_NAME = AppIcon;
				ASSETCATALOG_COMPILER_GLOBAL_ACCENT_COLOR_NAME = AccentColor;
				CODE_SIGN_STYLE = Automatic;
				CURRENT_PROJECT_VERSION = 16;
				DEVELOPMENT_ASSET_PATHS = "\"Prod/Preview Content\"";
				DEVELOPMENT_TEAM = V3Y8WJSRKA;
				ENABLE_PREVIEWS = YES;
				FRAMEWORK_SEARCH_PATHS = "";
				GENERATE_INFOPLIST_FILE = YES;
				INFOPLIST_FILE = Prod/Info.plist;
				INFOPLIST_KEY_CFBundleDisplayName = NITO;
				INFOPLIST_KEY_LSApplicationCategoryType = "public.app-category.lifestyle";
				INFOPLIST_KEY_UIApplicationSceneManifest_Generation = YES;
				INFOPLIST_KEY_UIApplicationSupportsIndirectInputEvents = YES;
				INFOPLIST_KEY_UILaunchScreen_Generation = YES;
				INFOPLIST_KEY_UISupportedInterfaceOrientations_iPad = "UIInterfaceOrientationPortrait UIInterfaceOrientationPortraitUpsideDown UIInterfaceOrientationLandscapeLeft UIInterfaceOrientationLandscapeRight";
				INFOPLIST_KEY_UISupportedInterfaceOrientations_iPhone = "UIInterfaceOrientationPortrait UIInterfaceOrientationLandscapeLeft UIInterfaceOrientationLandscapeRight";
				IPHONEOS_DEPLOYMENT_TARGET = 17.0;
				LD_RUNPATH_SEARCH_PATHS = (
					"$(inherited)",
					"@executable_path/Frameworks",
				);
				MARKETING_VERSION = 0.7.7;
				OTHER_LDFLAGS = "$(inherited)";
				PRODUCT_BUNDLE_IDENTIFIER = club.nito.App.Debug;
				PRODUCT_NAME = "$(TARGET_NAME)";
				SWIFT_EMIT_LOC_STRINGS = YES;
				SWIFT_VERSION = 5.0;
				TARGETED_DEVICE_FAMILY = "1,2";
			};
			name = Debug;
		};
		0518CBD32AEC05BC003599DC /* Release */ = {
			isa = XCBuildConfiguration;
			buildSettings = {
				ASSETCATALOG_COMPILER_APPICON_NAME = AppIcon;
				ASSETCATALOG_COMPILER_GLOBAL_ACCENT_COLOR_NAME = AccentColor;
				CODE_SIGN_STYLE = Automatic;
				CURRENT_PROJECT_VERSION = 16;
				DEVELOPMENT_ASSET_PATHS = "\"Prod/Preview Content\"";
				DEVELOPMENT_TEAM = V3Y8WJSRKA;
				ENABLE_PREVIEWS = YES;
				FRAMEWORK_SEARCH_PATHS = "";
				GENERATE_INFOPLIST_FILE = YES;
				INFOPLIST_FILE = Prod/Info.plist;
				INFOPLIST_KEY_CFBundleDisplayName = NITO;
				INFOPLIST_KEY_LSApplicationCategoryType = "public.app-category.lifestyle";
				INFOPLIST_KEY_UIApplicationSceneManifest_Generation = YES;
				INFOPLIST_KEY_UIApplicationSupportsIndirectInputEvents = YES;
				INFOPLIST_KEY_UILaunchScreen_Generation = YES;
				INFOPLIST_KEY_UISupportedInterfaceOrientations_iPad = "UIInterfaceOrientationPortrait UIInterfaceOrientationPortraitUpsideDown UIInterfaceOrientationLandscapeLeft UIInterfaceOrientationLandscapeRight";
				INFOPLIST_KEY_UISupportedInterfaceOrientations_iPhone = "UIInterfaceOrientationPortrait UIInterfaceOrientationLandscapeLeft UIInterfaceOrientationLandscapeRight";
				IPHONEOS_DEPLOYMENT_TARGET = 17.0;
				LD_RUNPATH_SEARCH_PATHS = (
					"$(inherited)",
					"@executable_path/Frameworks",
				);
				MARKETING_VERSION = 0.7.7;
				OTHER_LDFLAGS = "$(inherited)";
				PRODUCT_BUNDLE_IDENTIFIER = club.nito.App;
				PRODUCT_NAME = "$(TARGET_NAME)";
				SWIFT_EMIT_LOC_STRINGS = YES;
				SWIFT_VERSION = 5.0;
				TARGETED_DEVICE_FAMILY = "1,2";
			};
			name = Release;
		};
		05F1F91E2B075E76006C5C63 /* Debug */ = {
			isa = XCBuildConfiguration;
			buildSettings = {
				ASSETCATALOG_COMPILER_APPICON_NAME = AppIcon;
				ASSETCATALOG_COMPILER_GLOBAL_ACCENT_COLOR_NAME = AccentColor;
				CODE_SIGN_STYLE = Automatic;
				CURRENT_PROJECT_VERSION = 16;
				DEVELOPMENT_ASSET_PATHS = "\"Dev/Preview Content\"";
				DEVELOPMENT_TEAM = V3Y8WJSRKA;
				ENABLE_PREVIEWS = YES;
				GENERATE_INFOPLIST_FILE = YES;
				INFOPLIST_FILE = Dev/Info.plist;
				INFOPLIST_KEY_CFBundleDisplayName = "(dev) NITO";
				INFOPLIST_KEY_LSApplicationCategoryType = "public.app-category.lifestyle";
				INFOPLIST_KEY_UIApplicationSceneManifest_Generation = YES;
				INFOPLIST_KEY_UIApplicationSupportsIndirectInputEvents = YES;
				INFOPLIST_KEY_UILaunchScreen_Generation = YES;
				INFOPLIST_KEY_UISupportedInterfaceOrientations_iPad = "UIInterfaceOrientationPortrait UIInterfaceOrientationPortraitUpsideDown UIInterfaceOrientationLandscapeLeft UIInterfaceOrientationLandscapeRight";
				INFOPLIST_KEY_UISupportedInterfaceOrientations_iPhone = "UIInterfaceOrientationPortrait UIInterfaceOrientationLandscapeLeft UIInterfaceOrientationLandscapeRight";
				IPHONEOS_DEPLOYMENT_TARGET = 17.0;
				LD_RUNPATH_SEARCH_PATHS = (
					"$(inherited)",
					"@executable_path/Frameworks",
				);
				MARKETING_VERSION = 0.7.7;
				OTHER_LDFLAGS = "$(inherited)";
				PRODUCT_BUNDLE_IDENTIFIER = club.nito.App.Dev.Debug;
				PRODUCT_NAME = "$(TARGET_NAME)";
				SWIFT_EMIT_LOC_STRINGS = YES;
				SWIFT_VERSION = 5.0;
				TARGETED_DEVICE_FAMILY = "1,2";
			};
			name = Debug;
		};
		05F1F91F2B075E76006C5C63 /* Release */ = {
			isa = XCBuildConfiguration;
			buildSettings = {
				ASSETCATALOG_COMPILER_APPICON_NAME = AppIcon;
				ASSETCATALOG_COMPILER_GLOBAL_ACCENT_COLOR_NAME = AccentColor;
				CODE_SIGN_STYLE = Automatic;
				CURRENT_PROJECT_VERSION = 16;
				DEVELOPMENT_ASSET_PATHS = "\"Dev/Preview Content\"";
				DEVELOPMENT_TEAM = V3Y8WJSRKA;
				ENABLE_PREVIEWS = YES;
				GENERATE_INFOPLIST_FILE = YES;
				INFOPLIST_FILE = Dev/Info.plist;
				INFOPLIST_KEY_CFBundleDisplayName = "(dev) NITO";
				INFOPLIST_KEY_LSApplicationCategoryType = "public.app-category.lifestyle";
				INFOPLIST_KEY_UIApplicationSceneManifest_Generation = YES;
				INFOPLIST_KEY_UIApplicationSupportsIndirectInputEvents = YES;
				INFOPLIST_KEY_UILaunchScreen_Generation = YES;
				INFOPLIST_KEY_UISupportedInterfaceOrientations_iPad = "UIInterfaceOrientationPortrait UIInterfaceOrientationPortraitUpsideDown UIInterfaceOrientationLandscapeLeft UIInterfaceOrientationLandscapeRight";
				INFOPLIST_KEY_UISupportedInterfaceOrientations_iPhone = "UIInterfaceOrientationPortrait UIInterfaceOrientationLandscapeLeft UIInterfaceOrientationLandscapeRight";
				IPHONEOS_DEPLOYMENT_TARGET = 17.0;
				LD_RUNPATH_SEARCH_PATHS = (
					"$(inherited)",
					"@executable_path/Frameworks",
				);
				MARKETING_VERSION = 0.7.7;
				OTHER_LDFLAGS = "$(inherited)";
				PRODUCT_BUNDLE_IDENTIFIER = club.nito.App.Dev;
				PRODUCT_NAME = "$(TARGET_NAME)";
				SWIFT_EMIT_LOC_STRINGS = YES;
				SWIFT_VERSION = 5.0;
				TARGETED_DEVICE_FAMILY = "1,2";
			};
			name = Release;
		};
/* End XCBuildConfiguration section */

/* Begin XCConfigurationList section */
		0518CBBE2AEC05BB003599DC /* Build configuration list for PBXProject "Nito" */ = {
			isa = XCConfigurationList;
			buildConfigurations = (
				0518CBCF2AEC05BC003599DC /* Debug */,
				0518CBD02AEC05BC003599DC /* Release */,
			);
			defaultConfigurationIsVisible = 0;
			defaultConfigurationName = Release;
		};
		0518CBD12AEC05BC003599DC /* Build configuration list for PBXNativeTarget "Prod" */ = {
			isa = XCConfigurationList;
			buildConfigurations = (
				0518CBD22AEC05BC003599DC /* Debug */,
				0518CBD32AEC05BC003599DC /* Release */,
			);
			defaultConfigurationIsVisible = 0;
			defaultConfigurationName = Release;
		};
		05F1F91D2B075E76006C5C63 /* Build configuration list for PBXNativeTarget "Dev" */ = {
			isa = XCConfigurationList;
			buildConfigurations = (
				05F1F91E2B075E76006C5C63 /* Debug */,
				05F1F91F2B075E76006C5C63 /* Release */,
			);
			defaultConfigurationIsVisible = 0;
			defaultConfigurationName = Release;
		};
/* End XCConfigurationList section */

/* Begin XCSwiftPackageProductDependency section */
		059F5C202AED017D006DF448 /* Navigation */ = {
			isa = XCSwiftPackageProductDependency;
			productName = Navigation;
		};
		05F1F9202B075EEB006C5C63 /* Navigation */ = {
			isa = XCSwiftPackageProductDependency;
			productName = Navigation;
		};
/* End XCSwiftPackageProductDependency section */
	};
	rootObject = 0518CBBB2AEC05BB003599DC /* Project object */;
}
